
Microsoft Visual Studio Solution File, Format Version 11.00
# Visual Studio 2010
Project("{FAE04EC0-301F-11D3-BF4B-00C04F79EFBC}") = "LibUSB", "LibUSB.csproj", "{00DCDC16-6AC5-4F1A-9485-D60893719080}"
EndProject
Project("{FAE04EC0-301F-11D3-BF4B-00C04F79EFBC}") = "LibUSB.TestProject", "Applications\LibUSB.TestProject\LibUSB.TestProject.csproj", "{6141B819-0A41-473A-887B-9D1B50564DF8}"
EndProject
Global
	GlobalSection(SolutionConfigurationPlatforms) = preSolution
		Debug|Any CPU = Debug|Any CPU
		Release|Any CPU = Release|Any CPU
	EndGlobalSection
	GlobalSection(ProjectConfigurationPlatforms) = postSolution
		{00DCDC16-6AC5-4F1A-9485-D60893719080}.Debug|Any CPU.ActiveCfg = Debug|Any CPU
		{00DCDC16-6AC5-4F1A-9485-D60893719080}.Debug|Any CPU.Build.0 = Debug|Any CPU
		{00DCDC16-6AC5-4F1A-9485-D60893719080}.Release|Any CPU.ActiveCfg = Release|Any CPU
		{00DCDC16-6AC5-4F1A-9485-D60893719080}.Release|Any CPU.Build.0 = Release|Any CPU
		{6141B819-0A41-473A-887B-9D1B50564DF8}.Debug|Any CPU.ActiveCfg = Debug|Any CPU
		{6141B819-0A41-473A-887B-9D1B50564DF8}.Debug|Any CPU.Build.0 = Debug|Any CPU
		{6141B819-0A41-473A-887B-9D1B50564DF8}.Release|Any CPU.ActiveCfg = Release|Any CPU
		{6141B819-0A41-473A-887B-9D1B50564DF8}.Release|Any CPU.Build.0 = Release|Any CPU
	EndGlobalSection
EndGlobal
